
Microsoft Visual Studio Solution File, Format Version 12.00
# Visual Studio 15
VisualStudioVersion = 15.0.27130.2036
MinimumVisualStudioVersion = 10.0.40219.1
Project("{FAE04EC0-301F-11D3-BF4B-00C04F79EFBC}") = "WeatherUpdateServer", "WeatherUpdateServer\WeatherUpdateServer.csproj", "{445FCBB0-1DE3-42EB-AE51-2CCA54F1E7F1}"
EndProject
Global
	GlobalSection(SolutionConfigurationPlatforms) = preSolution
		Debug|Any CPU = Debug|Any CPU
		Release|Any CPU = Release|Any CPU
	EndGlobalSection
	GlobalSection(ProjectConfigurationPlatforms) = postSolution
		{445FCBB0-1DE3-42EB-AE51-2CCA54F1E7F1}.Debug|Any CPU.ActiveCfg = Debug|Any CPU
		{445FCBB0-1DE3-42EB-AE51-2CCA54F1E7F1}.Debug|Any CPU.Build.0 = Debug|Any CPU
		{445FCBB0-1DE3-42EB-AE51-2CCA54F1E7F1}.Release|Any CPU.ActiveCfg = Release|Any CPU
		{445FCBB0-1DE3-42EB-AE51-2CCA54F1E7F1}.Release|Any CPU.Build.0 = Release|Any CPU
	EndGlobalSection
	GlobalSection(SolutionProperties) = preSolution
		HideSolutionNode = FALSE
	EndGlobalSection
	GlobalSection(ExtensibilityGlobals) = postSolution
		SolutionGuid = {6DD796D9-EF75-4C1A-8738-BFECEAD34D0D}
	EndGlobalSection
EndGlobal
